
Microsoft Visual Studio Solution File, Format Version 12.00
# Visual Studio Version 16
VisualStudioVersion = 16.0.30413.136
MinimumVisualStudioVersion = 10.0.40219.1
Project("{FAE04EC0-301F-11D3-BF4B-00C04F79EFBC}") = "3A", "3A\3A.csproj", "{3C718CAD-49DE-48F2-AB5E-84BE59118C6E}"
EndProject
Global
	GlobalSection(SolutionConfigurationPlatforms) = preSolution
		Debug|Any CPU = Debug|Any CPU
		Release|Any CPU = Release|Any CPU
	EndGlobalSection
	GlobalSection(ProjectConfigurationPlatforms) = postSolution
		{3C718CAD-49DE-48F2-AB5E-84BE59118C6E}.Debug|Any CPU.ActiveCfg = Debug|Any CPU
		{3C718CAD-49DE-48F2-AB5E-84BE59118C6E}.Debug|Any CPU.Build.0 = Debug|Any CPU
		{3C718CAD-49DE-48F2-AB5E-84BE59118C6E}.Release|Any CPU.ActiveCfg = Release|Any CPU
		{3C718CAD-49DE-48F2-AB5E-84BE59118C6E}.Release|Any CPU.Build.0 = Release|Any CPU
	EndGlobalSection
	GlobalSection(SolutionProperties) = preSolution
		HideSolutionNode = FALSE
	EndGlobalSection
	GlobalSection(ExtensibilityGlobals) = postSolution
		SolutionGuid = {2071A667-25AE-493B-A8E0-46395E6844AC}
	EndGlobalSection
EndGlobal
